{
  "lockfile-version": 1,
  "manifest": {
    "schema-version": "1.12.0",
    "install": {
      "adl": {
        "flake": "github:inference-gateway/adl-cli/v0.44.0"
      },
      "claude-code": {
        "pkg-path": "claude-code",
        "pkg-group": "common",
        "version": "^2.1.148"
      },
      "deno": {
        "pkg-path": "deno",
        "version": "^2.7.14"
      },
      "docker": {
        "pkg-path": "docker",
        "pkg-group": "common",
        "version": "^29.5.1"
      },
      "git": {
        "pkg-path": "git",
        "pkg-group": "common",
        "version": "^2.53.0"
      },
      "go": {
        "pkg-path": "go",
        "version": "1.26.2"
      },
      "go-task": {
        "pkg-path": "go-task",
        "pkg-group": "common",
        "version": "^3.48.0"
      },
      "golangci-lint": {
        "pkg-path": "golangci-lint",
        "pkg-group": "common",
        "version": "^2.12.2"
      }
    },
    "hook": {
      "on-activate": "  echo \"🌟 Welcome to n8n-agent development environment!\"\n  echo \"Go version: $(go version)\"\n"
    },
    "options": {}
  },
  "packages": [
    {
      "attr_path": "claude-code",
      "broken": false,
      "derivation": "/nix/store/hkv01r9vn9xda8hl7140bmwyhxmrl3ip-claude-code-2.1.148.drv",
      "description": "Agentic coding tool that lives in your terminal, understands your codebase, and helps you code faster",
      "install_id": "claude-code",
      "license": "Unfree",
      "locked_url": "https://github.com/flox/nixpkgs?rev=29916453413845e54a65b8a1cf996842300cd299",
      "name": "claude-code-2.1.148",
      "pname": "claude-code",
      "rev": "29916453413845e54a65b8a1cf996842300cd299",
      "rev_count": 1003640,
      "rev_date": "2026-05-23T03:54:30Z",
      "scrape_date": "2026-05-24T07:05:50.722005Z",
      "stabilities": [
        "unstable"
      ],
      "unfree": true,
      "version": "2.1.148",
      "outputs_to_install": [
        "out"
      ],
      "outputs": {
        "out": "/nix/store/gjssdifza75w53qfsl8r360cyjncyg6p-claude-code-2.1.148"
      },
      "system": "aarch64-darwin",
      "group": "common",
      "priority": 5
    },
    {
      "attr_path": "claude-code",
      "broken": false,
      "derivation": "/nix/store/dwmxxg3l8kaifqdk6pf56whf5ipwm0kn-claude-code-2.1.148.drv",
      "description": "Agentic coding tool that lives in your terminal, understands your codebase, and helps you code faster",
      "install_id": "claude-code",
      "license": "Unfree",
      "locked_url": "https://github.com/flox/nixpkgs?rev=29916453413845e54a65b8a1cf996842300cd299",
      "name": "claude-code-2.1.148",
      "pname": "claude-code",
      "rev": "29916453413845e54a65b8a1cf996842300cd299",
      "rev_count": 1003640,
      "rev_date": "2026-05-23T03:54:30Z",
      "scrape_date": "2026-05-24T07:34:04.493128Z",
      "stabilities": [
        "unstable"
      ],
      "unfree": true,
      "version": "2.1.148",
      "outputs_to_install": [
        "out"
      ],
      "outputs": {
        "out": "/nix/store/hhf569wsfi0qfdgcig7myr4glpj364h9-claude-code-2.1.148"
      },
      "system": "aarch64-linux",
      "group": "common",
      "priority": 5
    },
    {
      "attr_path": "claude-code",
      "broken": false,
      "derivation": "/nix/store/r0bnbh84w3yp6hdz0d47xcg8b6jfcdfy-claude-code-2.1.148.drv",
      "description": "Agentic coding tool that lives in your terminal, understands your codebase, and helps you code faster",
      "install_id": "claude-code",
      "license": "Unfree",
      "locked_url": "https://github.com/flox/nixpkgs?rev=29916453413845e54a65b8a1cf996842300cd299",
      "name": "claude-code-2.1.148",
      "pname": "claude-code",
      "rev": "29916453413845e54a65b8a1cf996842300cd299",
      "rev_count": 1003640,
      "rev_date": "2026-05-23T03:54:30Z",
      "scrape_date": "2026-05-24T08:01:32.339932Z",
      "stabilities": [
        "unstable"
      ],
      "unfree": true,
      "version": "2.1.148",
      "outputs_to_install": [
        "out"
      ],
      "outputs": {
        "out": "/nix/store/h93fir627xprgx0nvbrbz3r249lrwnih-claude-code-2.1.148"
      },
      "system": "x86_64-darwin",
      "group": "common",
      "priority": 5
    },
    {
      "attr_path": "claude-code",
      "broken": false,
      "derivation": "/nix/store/spq4hd5z94iqn7zqald03p4p885gffll-claude-code-2.1.148.drv",
      "description": "Agentic coding tool that lives in your terminal, understands your codebase, and helps you code faster",
      "install_id": "claude-code",
      "license": "Unfree",
      "locked_url": "https://github.com/flox/nixpkgs?rev=29916453413845e54a65b8a1cf996842300cd299",
      "name": "claude-code-2.1.148",
      "pname": "claude-code",
      "rev": "29916453413845e54a65b8a1cf996842300cd299",
      "rev_count": 1003640,
      "rev_date": "2026-05-23T03:54:30Z",
      "scrape_date": "2026-05-24T08:31:55.741217Z",
      "stabilities": [
        "unstable"
      ],
      "unfree": true,
      "version": "2.1.148",
      "outputs_to_install": [
        "out"
      ],
      "outputs": {
        "out": "/nix/store/ijd85fy5wk37ivff4s8d32pmm540r6cp-claude-code-2.1.148"
      },
      "system": "x86_64-linux",
      "group": "common",
      "priority": 5
    },
    {
      "attr_path": "docker",
      "broken": false,
      "derivation": "/nix/store/ymc9j68ksmlx7yghgssf4xlm0lw6sqlr-docker-29.5.1.drv",
      "description": "Open source project to pack, ship and run any application as a lightweight container",
      "install_id": "docker",
      "license": "Apache-2.0",
      "locked_url": "https://github.com/flox/nixpkgs?rev=29916453413845e54a65b8a1cf996842300cd299",
      "name": "docker-29.5.1",
      "pname": "docker",
      "rev": "29916453413845e54a65b8a1cf996842300cd299",
      "rev_count": 1003640,
      "rev_date": "2026-05-23T03:54:30Z",
      "scrape_date": "2026-05-24T07:05:51.032558Z",
      "stabilities": [
        "unstable"
      ],
      "unfree": false,
      "version": "29.5.1",
      "outputs_to_install": [
        "out"
      ],
      "outputs": {
        "out": "/nix/store/zcaid53gxrdgpm29hhmkw576qxw0zbf3-docker-29.5.1"
      },
      "system": "aarch64-darwin",
      "group": "common",
      "priority": 5
    },
    {
      "attr_path": "docker",
      "broken": false,
      "derivation": "/nix/store/1jzrha6rf37wzx4q7clyqxh74b29ryzn-docker-29.5.1.drv",
      "description": "Open source project to pack, ship and run any application as a lightweight container",
      "install_id": "docker",
      "license": "Apache-2.0",
      "locked_url": "https://github.com/flox/nixpkgs?rev=29916453413845e54a65b8a1cf996842300cd299",
      "name": "docker-29.5.1",
      "pname": "docker",
      "rev": "29916453413845e54a65b8a1cf996842300cd299",
      "rev_count": 1003640,
      "rev_date": "2026-05-23T03:54:30Z",
      "scrape_date": "2026-05-24T07:34:04.942734Z",
      "stabilities": [
        "unstable"
      ],
      "unfree": false,
      "version": "29.5.1",
      "outputs_to_install": [
        "out"
      ],
      "outputs": {
        "out": "/nix/store/nyd17ig6bl0rydfr821v0k1ddy592mi3-docker-29.5.1"
      },
      "system": "aarch64-linux",
      "group": "common",
      "priority": 5
    },
    {
      "attr_path": "docker",
      "broken": false,
      "derivation": "/nix/store/h96kdq98mg9z9ciwnfzcm39b6cxhhcg9-docker-29.5.1.drv",
      "description": "Open source project to pack, ship and run any application as a lightweight container",
      "install_id": "docker",
      "license": "Apache-2.0",
      "locked_url": "https://github.com/flox/nixpkgs?rev=29916453413845e54a65b8a1cf996842300cd299",
      "name": "docker-29.5.1",
      "pname": "docker",
      "rev": "29916453413845e54a65b8a1cf996842300cd299",
      "rev_count": 1003640,
      "rev_date": "2026-05-23T03:54:30Z",
      "scrape_date": "2026-05-24T08:01:32.634502Z",
      "stabilities": [
        "unstable"
      ],
      "unfree": false,
      "version": "29.5.1",
      "outputs_to_install": [
        "out"
      ],
      "outputs": {
        "out": "/nix/store/29vzhlgqlcj06c9b8jgxqp9jsakfdcrv-docker-29.5.1"
      },
      "system": "x86_64-darwin",
      "group": "common",
      "priority": 5
    },
    {
      "attr_path": "docker",
      "broken": false,
      "derivation": "/nix/store/k8xkxyvk7942h9hrwnvrrmsa9h328jp0-docker-29.5.1.drv",
      "description": "Open source project to pack, ship and run any application as a lightweight container",
      "install_id": "docker",
      "license": "Apache-2.0",
      "locked_url": "https://github.com/flox/nixpkgs?rev=29916453413845e54a65b8a1cf996842300cd299",
      "name": "docker-29.5.1",
      "pname": "docker",
      "rev": "29916453413845e54a65b8a1cf996842300cd299",
      "rev_count": 1003640,
      "rev_date": "2026-05-23T03:54:30Z",
      "scrape_date": "2026-05-24T08:31:56.223212Z",
      "stabilities": [
        "unstable"
      ],
      "unfree": false,
      "version": "29.5.1",
      "outputs_to_install": [
        "out"
      ],
      "outputs": {
        "out": "/nix/store/z8da5y180g6hg6hp3g23rcw6cpq5rlai-docker-29.5.1"
      },
      "system": "x86_64-linux",
      "group": "common",
      "priority": 5
    },
    {
      "attr_path": "git",
      "broken": false,
      "derivation": "/nix/store/lh02qfh1gwpk8nl7dpkjm36195q9n3hy-git-2.54.0.drv",
      "description": "Distributed version control system",
      "install_id": "git",
      "license": "GPL-2.0",
      "locked_url": "https://github.com/flox/nixpkgs?rev=29916453413845e54a65b8a1cf996842300cd299",
      "name": "git-2.54.0",
      "pname": "git",
      "rev": "29916453413845e54a65b8a1cf996842300cd299",
      "rev_count": 1003640,
      "rev_date": "2026-05-23T03:54:30Z",
      "scrape_date": "2026-05-24T07:05:51.631874Z",
      "stabilities": [
        "unstable"
      ],
      "unfree": false,
      "version": "2.54.0",
      "outputs_to_install": [
        "out"
      ],
      "outputs": {
        "doc": "/nix/store/zn8gmbxxf5398hxg6y6nk5jimj85qj69-git-2.54.0-doc",
        "out": "/nix/store/a14yxcqvv9x2l9mllgpirzhvz93pgprg-git-2.54.0"
      },
      "system": "aarch64-darwin",
      "group": "common",
      "priority": 5
    },
    {
      "attr_path": "git",
      "broken": false,
      "derivation": "/nix/store/lhwvs3qxyp672spvlj62dxs61nvq4j35-git-2.54.0.drv",
      "description": "Distributed version control system",
      "install_id": "git",
      "license": "GPL-2.0",
      "locked_url": "https://github.com/flox/nixpkgs?rev=29916453413845e54a65b8a1cf996842300cd299",
      "name": "git-2.54.0",
      "pname": "git",
      "rev": "29916453413845e54a65b8a1cf996842300cd299",
      "rev_count": 1003640,
      "rev_date": "2026-05-23T03:54:30Z",
      "scrape_date": "2026-05-24T07:34:05.862188Z",
      "stabilities": [
        "unstable"
      ],
      "unfree": false,
      "version": "2.54.0",
      "outputs_to_install": [
        "out"
      ],
      "outputs": {
        "debug": "/nix/store/c7mafmqf28l7898rpbqqkd0p3m42hc03-git-2.54.0-debug",
        "doc": "/nix/store/klwr4n2snj7ldlpkhwarwlif80myx0vj-git-2.54.0-doc",
        "out": "/nix/store/ixp98f9avf8ikpdrmp40cj33g0dazyp9-git-2.54.0"
      },
      "system": "aarch64-linux",
      "group": "common",
      "priority": 5
    },
    {
      "attr_path": "git",
      "broken": false,
      "derivation": "/nix/store/cwsr8cvl9x2s36dsv0icz6im9h72c7v2-git-2.54.0.drv",
      "description": "Distributed version control system",
      "install_id": "git",
      "license": "GPL-2.0",
      "locked_url": "https://github.com/flox/nixpkgs?rev=29916453413845e54a65b8a1cf996842300cd299",
      "name": "git-2.54.0",
      "pname": "git",
      "rev": "29916453413845e54a65b8a1cf996842300cd299",
      "rev_count": 1003640,
      "rev_date": "2026-05-23T03:54:30Z",
      "scrape_date": "2026-05-24T08:01:33.229762Z",
      "stabilities": [
        "unstable"
      ],
      "unfree": false,
      "version": "2.54.0",
      "outputs_to_install": [
        "out"
      ],
      "outputs": {
        "doc": "/nix/store/agyxy5ay4x06b52mj24rz44fc82328ha-git-2.54.0-doc",
        "out": "/nix/store/s9lsrlgwr3sabw9a2dl3laykas0ijk85-git-2.54.0"
      },
      "system": "x86_64-darwin",
      "group": "common",
      "priority": 5
    },
    {
      "attr_path": "git",
      "broken": false,
      "derivation": "/nix/store/f54312vhnici0xd0b5j6i1kijlalwcjg-git-2.54.0.drv",
      "description": "Distributed version control system",
      "install_id": "git",
      "license": "GPL-2.0",
      "locked_url": "https://github.com/flox/nixpkgs?rev=29916453413845e54a65b8a1cf996842300cd299",
      "name": "git-2.54.0",
      "pname": "git",
      "rev": "29916453413845e54a65b8a1cf996842300cd299",
      "rev_count": 1003640,
      "rev_date": "2026-05-23T03:54:30Z",
      "scrape_date": "2026-05-24T08:31:57.230030Z",
      "stabilities": [
        "unstable"
      ],
      "unfree": false,
      "version": "2.54.0",
      "outputs_to_install": [
        "out"
      ],
      "outputs": {
        "debug": "/nix/store/72fyakk8w8idjbksk0h8jbkq6sgvcm85-git-2.54.0-debug",
        "doc": "/nix/store/l444690y78nfdwyzm6mghagl7xa97myf-git-2.54.0-doc",
        "out": "/nix/store/bcnisk3ydfgv26v2gw3zlky24g00yww2-git-2.54.0"
      },
      "system": "x86_64-linux",
      "group": "common",
      "priority": 5
    },
    {
      "attr_path": "go-task",
      "broken": false,
      "derivation": "/nix/store/hblj7ll86md16hkhkciq92msl7gb1hm3-go-task-3.48.0.drv",
      "description": "Task runner / simpler Make alternative written in Go",
      "install_id": "go-task",
      "license": "MIT",
      "locked_url": "https://github.com/flox/nixpkgs?rev=29916453413845e54a65b8a1cf996842300cd299",
      "name": "go-task-3.48.0",
      "pname": "go-task",
      "rev": "29916453413845e54a65b8a1cf996842300cd299",
      "rev_count": 1003640,
      "rev_date": "2026-05-23T03:54:30Z",
      "scrape_date": "2026-05-24T07:05:51.779830Z",
      "stabilities": [
        "unstable"
      ],
      "unfree": false,
      "version": "3.48.0",
      "outputs_to_install": [
        "out"
      ],
      "outputs": {
        "out": "/nix/store/hg0sx6ah2pinw09i8s3gwicq1x54gbvn-go-task-3.48.0"
      },
      "system": "aarch64-darwin",
      "group": "common",
      "priority": 5
    },
    {
      "attr_path": "go-task",
      "broken": false,
      "derivation": "/nix/store/4c7ijxx1kjjx0dal2n90yh0581gkazli-go-task-3.48.0.drv",
      "description": "Task runner / simpler Make alternative written in Go",
      "install_id": "go-task",
      "license": "MIT",
      "locked_url": "https://github.com/flox/nixpkgs?rev=29916453413845e54a65b8a1cf996842300cd299",
      "name": "go-task-3.48.0",
      "pname": "go-task",
      "rev": "29916453413845e54a65b8a1cf996842300cd299",
      "rev_count": 1003640,
      "rev_date": "2026-05-23T03:54:30Z",
      "scrape_date": "2026-05-24T07:34:06.615850Z",
      "stabilities": [
        "unstable"
      ],
      "unfree": false,
      "version": "3.48.0",
      "outputs_to_install": [
        "out"
      ],
      "outputs": {
        "out": "/nix/store/6bafb6yz2861yxjljadd1m22v2gryl24-go-task-3.48.0"
      },
      "system": "aarch64-linux",
      "group": "common",
      "priority": 5
    },
    {
      "attr_path": "go-task",
      "broken": false,
      "derivation": "/nix/store/pdr1kpqx7f6c23l456z6dsfrrdfs0lkr-go-task-3.48.0.drv",
      "description": "Task runner / simpler Make alternative written in Go",
      "install_id": "go-task",
      "license": "MIT",
      "locked_url": "https://github.com/flox/nixpkgs?rev=29916453413845e54a65b8a1cf996842300cd299",
      "name": "go-task-3.48.0",
      "pname": "go-task",
      "rev": "29916453413845e54a65b8a1cf996842300cd299",
      "rev_count": 1003640,
      "rev_date": "2026-05-23T03:54:30Z",
      "scrape_date": "2026-05-24T08:01:33.417567Z",
      "stabilities": [
        "unstable"
      ],
      "unfree": false,
      "version": "3.48.0",
      "outputs_to_install": [
        "out"
      ],
      "outputs": {
        "out": "/nix/store/xajpc9zjvhmdmwjab8i8grxc248wnzpq-go-task-3.48.0"
      },
      "system": "x86_64-darwin",
      "group": "common",
      "priority": 5
    },
    {
      "attr_path": "go-task",
      "broken": false,
      "derivation": "/nix/store/6lnmskpks8kkr058mplx1g06s8zz7jvs-go-task-3.48.0.drv",
      "description": "Task runner / simpler Make alternative written in Go",
      "install_id": "go-task",
      "license": "MIT",
      "locked_url": "https://github.com/flox/nixpkgs?rev=29916453413845e54a65b8a1cf996842300cd299",
      "name": "go-task-3.48.0",
      "pname": "go-task",
      "rev": "29916453413845e54a65b8a1cf996842300cd299",
      "rev_count": 1003640,
      "rev_date": "2026-05-23T03:54:30Z",
      "scrape_date": "2026-05-24T08:31:58.038558Z",
      "stabilities": [
        "unstable"
      ],
      "unfree": false,
      "version": "3.48.0",
      "outputs_to_install": [
        "out"
      ],
      "outputs": {
        "out": "/nix/store/ajlbzd5gnxrs1yki1sjf327rjx7qq060-go-task-3.48.0"
      },
      "system": "x86_64-linux",
      "group": "common",
      "priority": 5
    },
    {
      "attr_path": "golangci-lint",
      "broken": false,
      "derivation": "/nix/store/gn7hidrcgi0qmvdkps2rp7hyyw35bl8n-golangci-lint-2.12.2.drv",
      "description": "Fast linters Runner for Go",
      "install_id": "golangci-lint",
      "license": "GPL-3.0-or-later",
      "locked_url": "https://github.com/flox/nixpkgs?rev=29916453413845e54a65b8a1cf996842300cd299",
      "name": "golangci-lint-2.12.2",
      "pname": "golangci-lint",
      "rev": "29916453413845e54a65b8a1cf996842300cd299",
      "rev_count": 1003640,
      "rev_date": "2026-05-23T03:54:30Z",
      "scrape_date": "2026-05-24T07:05:51.822103Z",
      "stabilities": [
        "unstable"
      ],
      "unfree": false,
      "version": "2.12.2",
      "outputs_to_install": [
        "out"
      ],
      "outputs": {
        "out": "/nix/store/paiggn2x6idsnhzn6ss6sdn87lvqadlf-golangci-lint-2.12.2"
      },
      "system": "aarch64-darwin",
      "group": "common",
      "priority": 5
    },
    {
      "attr_path": "golangci-lint",
      "broken": false,
      "derivation": "/nix/store/ffnh5c6dvicj9bxz1dnr1a00fhi42ws8-golangci-lint-2.12.2.drv",
      "description": "Fast linters Runner for Go",
      "install_id": "golangci-lint",
      "license": "GPL-3.0-or-later",
      "locked_url": "https://github.com/flox/nixpkgs?rev=29916453413845e54a65b8a1cf996842300cd299",
      "name": "golangci-lint-2.12.2",
      "pname": "golangci-lint",
      "rev": "29916453413845e54a65b8a1cf996842300cd299",
      "rev_count": 1003640,
      "rev_date": "2026-05-23T03:54:30Z",
      "scrape_date": "2026-05-24T07:34:06.683351Z",
      "stabilities": [
        "unstable"
      ],
      "unfree": false,
      "version": "2.12.2",
      "outputs_to_install": [
        "out"
      ],
      "outputs": {
        "out": "/nix/store/mxcfgfnl675mlqnm7v3zliq0y1wisw7i-golangci-lint-2.12.2"
      },
      "system": "aarch64-linux",
      "group": "common",
      "priority": 5
    },
    {
      "attr_path": "golangci-lint",
      "broken": false,
      "derivation": "/nix/store/6lwmpfq8rmwl6la0r1mavjc65f7q0pv3-golangci-lint-2.12.2.drv",
      "description": "Fast linters Runner for Go",
      "install_id": "golangci-lint",
      "license": "GPL-3.0-or-later",
      "locked_url": "https://github.com/flox/nixpkgs?rev=29916453413845e54a65b8a1cf996842300cd299",
      "name": "golangci-lint-2.12.2",
      "pname": "golangci-lint",
      "rev": "29916453413845e54a65b8a1cf996842300cd299",
      "rev_count": 1003640,
      "rev_date": "2026-05-23T03:54:30Z",
      "scrape_date": "2026-05-24T08:01:33.459517Z",
      "stabilities": [
        "unstable"
      ],
      "unfree": false,
      "version": "2.12.2",
      "outputs_to_install": [
        "out"
      ],
      "outputs": {
        "out": "/nix/store/80gb4fz1fs06h9y8c7xb80yfz0zd3qaa-golangci-lint-2.12.2"
      },
      "system": "x86_64-darwin",
      "group": "common",
      "priority": 5
    },
    {
      "attr_path": "golangci-lint",
      "broken": false,
      "derivation": "/nix/store/36m3l63nww03x163pkd2zdnhgy1wqhgj-golangci-lint-2.12.2.drv",
      "description": "Fast linters Runner for Go",
      "install_id": "golangci-lint",
      "license": "GPL-3.0-or-later",
      "locked_url": "https://github.com/flox/nixpkgs?rev=29916453413845e54a65b8a1cf996842300cd299",
      "name": "golangci-lint-2.12.2",
      "pname": "golangci-lint",
      "rev": "29916453413845e54a65b8a1cf996842300cd299",
      "rev_count": 1003640,
      "rev_date": "2026-05-23T03:54:30Z",
      "scrape_date": "2026-05-24T08:31:58.108601Z",
      "stabilities": [
        "unstable"
      ],
      "unfree": false,
      "version": "2.12.2",
      "outputs_to_install": [
        "out"
      ],
      "outputs": {
        "out": "/nix/store/x3ism4ihdsansi2y1ldhs78244pxv22w-golangci-lint-2.12.2"
      },
      "system": "x86_64-linux",
      "group": "common",
      "priority": 5
    },
    {
      "attr_path": "deno",
      "broken": false,
      "derivation": "/nix/store/0xsk8xmm4zah5cda95g8zv50r880s6h0-deno-2.7.14.drv",
      "description": "Secure runtime for JavaScript and TypeScript",
      "install_id": "deno",
      "license": "MIT",
      "locked_url": "https://github.com/flox/nixpkgs?rev=d233902339c02a9c334e7e593de68855ad26c4cb",
      "name": "deno-2.7.14",
      "pname": "deno",
      "rev": "d233902339c02a9c334e7e593de68855ad26c4cb",
      "rev_count": 998534,
      "rev_date": "2026-05-15T18:21:44Z",
      "scrape_date": "2026-05-17T07:05:51.115399Z",
      "stabilities": [
        "unstable",
        "staging"
      ],
      "unfree": false,
      "version": "2.7.14",
      "outputs_to_install": [
        "out"
      ],
      "outputs": {
        "out": "/nix/store/9n0pwbzjcqvsk7xrcqi6hbc82y9w5qvw-deno-2.7.14"
      },
      "system": "aarch64-darwin",
      "group": "toplevel",
      "priority": 5
    },
    {
      "attr_path": "deno",
      "broken": false,
      "derivation": "/nix/store/imf4ivy392qyv4h0gm7arb9khn1k304y-deno-2.7.14.drv",
      "description": "Secure runtime for JavaScript and TypeScript",
      "install_id": "deno",
      "license": "MIT",
      "locked_url": "https://github.com/flox/nixpkgs?rev=d233902339c02a9c334e7e593de68855ad26c4cb",
      "name": "deno-2.7.14",
      "pname": "deno",
      "rev": "d233902339c02a9c334e7e593de68855ad26c4cb",
      "rev_count": 998534,
      "rev_date": "2026-05-15T18:21:44Z",
      "scrape_date": "2026-05-17T07:33:29.593295Z",
      "stabilities": [
        "unstable",
        "staging"
      ],
      "unfree": false,
      "version": "2.7.14",
      "outputs_to_install": [
        "out"
      ],
      "outputs": {
        "out": "/nix/store/i5xncnj5057k755gn4zqvvqh25ncv489-deno-2.7.14"
      },
      "system": "aarch64-linux",
      "group": "toplevel",
      "priority": 5
    },
    {
      "attr_path": "deno",
      "broken": false,
      "derivation": "/nix/store/v48jqlh9v24hnc64jrfkvnw737imn69h-deno-2.7.14.drv",
      "description": "Secure runtime for JavaScript and TypeScript",
      "install_id": "deno",
      "license": "MIT",
      "locked_url": "https://github.com/flox/nixpkgs?rev=d233902339c02a9c334e7e593de68855ad26c4cb",
      "name": "deno-2.7.14",
      "pname": "deno",
      "rev": "d233902339c02a9c334e7e593de68855ad26c4cb",
      "rev_count": 998534,
      "rev_date": "2026-05-15T18:21:44Z",
      "scrape_date": "2026-05-17T08:01:17.621530Z",
      "stabilities": [
        "unstable",
        "staging"
      ],
      "unfree": false,
      "version": "2.7.14",
      "outputs_to_install": [
        "out"
      ],
      "outputs": {
        "out": "/nix/store/0fmv28819fwdj4xnp9rzaj6lnbmhyydd-deno-2.7.14"
      },
      "system": "x86_64-darwin",
      "group": "toplevel",
      "priority": 5
    },
    {
      "attr_path": "deno",
      "broken": false,
      "derivation": "/nix/store/h7z9xb82ysb96sp9qbbb39mjpn6zjarl-deno-2.7.14.drv",
      "description": "Secure runtime for JavaScript and TypeScript",
      "install_id": "deno",
      "license": "MIT",
      "locked_url": "https://github.com/flox/nixpkgs?rev=d233902339c02a9c334e7e593de68855ad26c4cb",
      "name": "deno-2.7.14",
      "pname": "deno",
      "rev": "d233902339c02a9c334e7e593de68855ad26c4cb",
      "rev_count": 998534,
      "rev_date": "2026-05-15T18:21:44Z",
      "scrape_date": "2026-05-17T08:32:09.856183Z",
      "stabilities": [
        "unstable",
        "staging"
      ],
      "unfree": false,
      "version": "2.7.14",
      "outputs_to_install": [
        "out"
      ],
      "outputs": {
        "out": "/nix/store/yxa361y5bijcbbigi5ijsy3lv40hx513-deno-2.7.14"
      },
      "system": "x86_64-linux",
      "group": "toplevel",
      "priority": 5
    },
    {
      "attr_path": "go",
      "broken": false,
      "derivation": "/nix/store/97qfa61h35q0nqppixvxknsq6wj612gv-go-1.26.2.drv",
      "description": "Go Programming language",
      "install_id": "go",
      "license": "BSD-3-Clause",
      "locked_url": "https://github.com/flox/nixpkgs?rev=d233902339c02a9c334e7e593de68855ad26c4cb",
      "name": "go-1.26.2",
      "pname": "go",
      "rev": "d233902339c02a9c334e7e593de68855ad26c4cb",
      "rev_count": 998534,
      "rev_date": "2026-05-15T18:21:44Z",
      "scrape_date": "2026-05-17T07:05:51.912929Z",
      "stabilities": [
        "unstable",
        "staging"
      ],
      "unfree": false,
      "version": "1.26.2",
      "outputs_to_install": [
        "out",
        "out",
        "out"
      ],
      "outputs": {
        "out": "/nix/store/fkzywh7rg8lg1n2p0r161iqjwhz540wx-go-1.26.2"
      },
      "system": "aarch64-darwin",
      "group": "toplevel",
      "priority": 5
    },
    {
      "attr_path": "go",
      "broken": false,
      "derivation": "/nix/store/79wmlk24kqdnxmpj5l833ib2fsxpwca0-go-1.26.2.drv",
      "description": "Go Programming language",
      "install_id": "go",
      "license": "BSD-3-Clause",
      "locked_url": "https://github.com/flox/nixpkgs?rev=d233902339c02a9c334e7e593de68855ad26c4cb",
      "name": "go-1.26.2",
      "pname": "go",
      "rev": "d233902339c02a9c334e7e593de68855ad26c4cb",
      "rev_count": 998534,
      "rev_date": "2026-05-15T18:21:44Z",
      "scrape_date": "2026-05-17T07:33:31.269344Z",
      "stabilities": [
        "unstable",
        "staging"
      ],
      "unfree": false,
      "version": "1.26.2",
      "outputs_to_install": [
        "out",
        "out"
      ],
      "outputs": {
        "out": "/nix/store/w4i7p78y3735jcy69sk4lcy9zyxr0cav-go-1.26.2"
      },
      "system": "aarch64-linux",
      "group": "toplevel",
      "priority": 5
    },
    {
      "attr_path": "go",
      "broken": false,
      "derivation": "/nix/store/7f579nxnclv9nql5z2d5g2qyv7zfdl16-go-1.26.2.drv",
      "description": "Go Programming language",
      "install_id": "go",
      "license": "BSD-3-Clause",
      "locked_url": "https://github.com/flox/nixpkgs?rev=d233902339c02a9c334e7e593de68855ad26c4cb",
      "name": "go-1.26.2",
      "pname": "go",
      "rev": "d233902339c02a9c334e7e593de68855ad26c4cb",
      "rev_count": 998534,
      "rev_date": "2026-05-15T18:21:44Z",
      "scrape_date": "2026-05-17T08:01:18.426517Z",
      "stabilities": [
        "unstable",
        "staging"
      ],
      "unfree": false,
      "version": "1.26.2",
      "outputs_to_install": [
        "out"
      ],
      "outputs": {
        "out": "/nix/store/g0b45l45nlb1kqiywzja7fh49yn7lla5-go-1.26.2"
      },
      "system": "x86_64-darwin",
      "group": "toplevel",
      "priority": 5
    },
    {
      "attr_path": "go",
      "broken": false,
      "derivation": "/nix/store/5a501r66jxszbpw9af1q1a5z3rnrcmfs-go-1.26.2.drv",
      "description": "Go Programming language",
      "install_id": "go",
      "license": "BSD-3-Clause",
      "locked_url": "https://github.com/flox/nixpkgs?rev=d233902339c02a9c334e7e593de68855ad26c4cb",
      "name": "go-1.26.2",
      "pname": "go",
      "rev": "d233902339c02a9c334e7e593de68855ad26c4cb",
      "rev_count": 998534,
      "rev_date": "2026-05-15T18:21:44Z",
      "scrape_date": "2026-05-17T08:32:11.746565Z",
      "stabilities": [
        "unstable",
        "staging"
      ],
      "unfree": false,
      "version": "1.26.2",
      "outputs_to_install": [
        "out"
      ],
      "outputs": {
        "out": "/nix/store/dimnagks1qsp7180yw74z0npp7z2ihs3-go-1.26.2"
      },
      "system": "x86_64-linux",
      "group": "toplevel",
      "priority": 5
    },
    {
      "install_id": "adl",
      "locked-url": "github:inference-gateway/adl-cli/740011d6cea9bc201de13493a5b0e93786e7ea83?narHash=sha256-bgC3HidjggqvITixSIeUwD6U%2BKnaXpLZQIIFr4gTxok%3D",
      "flake-description": "ADL CLI - Generate enterprise-ready A2A agents from YAML",
      "locked-flake-attr-path": "packages.aarch64-darwin.default",
      "derivation": "/nix/store/7zwij8ic24j07p4j0yskx03sjd438v82-adl-0.44.0.drv",
      "outputs": {
        "out": "/nix/store/lkm2axq48fzvp08ghhlyzwmw8hcpyw53-adl-0.44.0"
      },
      "output-names": [
        "out"
      ],
      "outputs-to-install": [
        "out"
      ],
      "requested-outputs-to-install": [],
      "package-system": "aarch64-darwin",
      "system": "aarch64-darwin",
      "name": "adl-0.44.0",
      "pname": "adl",
      "version": "0.44.0",
      "description": "Generate enterprise-ready A2A agents from YAML Agent Definition Language files",
      "licenses": [
        "MIT"
      ],
      "broken": false,
      "unfree": false,
      "priority": 5
    },
    {
      "install_id": "adl",
      "locked-url": "github:inference-gateway/adl-cli/740011d6cea9bc201de13493a5b0e93786e7ea83?narHash=sha256-bgC3HidjggqvITixSIeUwD6U%2BKnaXpLZQIIFr4gTxok%3D",
      "flake-description": "ADL CLI - Generate enterprise-ready A2A agents from YAML",
      "locked-flake-attr-path": "packages.aarch64-linux.default",
      "derivation": "/nix/store/c9bmsqzl6llyi2l3k7snwd3fpsc6pvwn-adl-0.44.0.drv",
      "outputs": {
        "out": "/nix/store/69w35js9sah55ikhr82dl2xiaqkjkw8d-adl-0.44.0"
      },
      "output-names": [
        "out"
      ],
      "outputs-to-install": [
        "out"
      ],
      "requested-outputs-to-install": [],
      "package-system": "aarch64-linux",
      "system": "aarch64-linux",
      "name": "adl-0.44.0",
      "pname": "adl",
      "version": "0.44.0",
      "description": "Generate enterprise-ready A2A agents from YAML Agent Definition Language files",
      "licenses": [
        "MIT"
      ],
      "broken": false,
      "unfree": false,
      "priority": 5
    },
    {
      "install_id": "adl",
      "locked-url": "github:inference-gateway/adl-cli/740011d6cea9bc201de13493a5b0e93786e7ea83?narHash=sha256-bgC3HidjggqvITixSIeUwD6U%2BKnaXpLZQIIFr4gTxok%3D",
      "flake-description": "ADL CLI - Generate enterprise-ready A2A agents from YAML",
      "locked-flake-attr-path": "packages.x86_64-darwin.default",
      "derivation": "/nix/store/l6w0629g5pf662cq1w8119wiipv0mvw5-adl-0.44.0.drv",
      "outputs": {
        "out": "/nix/store/0j6sz4i668hykdfifpc0gd30cr2cq03b-adl-0.44.0"
      },
      "output-names": [
        "out"
      ],
      "outputs-to-install": [
        "out"
      ],
      "requested-outputs-to-install": [],
      "package-system": "x86_64-darwin",
      "system": "x86_64-darwin",
      "name": "adl-0.44.0",
      "pname": "adl",
      "version": "0.44.0",
      "description": "Generate enterprise-ready A2A agents from YAML Agent Definition Language files",
      "licenses": [
        "MIT"
      ],
      "broken": false,
      "unfree": false,
      "priority": 5
    },
    {
      "install_id": "adl",
      "locked-url": "github:inference-gateway/adl-cli/740011d6cea9bc201de13493a5b0e93786e7ea83?narHash=sha256-bgC3HidjggqvITixSIeUwD6U%2BKnaXpLZQIIFr4gTxok%3D",
      "flake-description": "ADL CLI - Generate enterprise-ready A2A agents from YAML",
      "locked-flake-attr-path": "packages.x86_64-linux.default",
      "derivation": "/nix/store/pc5x1cz3yh8zayqv52k8s1jhznmnl086-adl-0.44.0.drv",
      "outputs": {
        "out": "/nix/store/xwj0cgmvfb8jcrph244z5gkgm5jghx61-adl-0.44.0"
      },
      "output-names": [
        "out"
      ],
      "outputs-to-install": [
        "out"
      ],
      "requested-outputs-to-install": [],
      "package-system": "x86_64-linux",
      "system": "x86_64-linux",
      "name": "adl-0.44.0",
      "pname": "adl",
      "version": "0.44.0",
      "description": "Generate enterprise-ready A2A agents from YAML Agent Definition Language files",
      "licenses": [
        "MIT"
      ],
      "broken": false,
      "unfree": false,
      "priority": 5
    }
  ]
}
