{
  "lockfile-version": 1,
  "manifest": {
    "schema-version": "1.15.0",
    "install": {
      "adl": {
        "flake": "github:inference-gateway/adl-cli/v0.67.1"
      },
      "claude-code": {
        "pkg-path": "claude-code",
        "pkg-group": "common",
        "version": "^2.1.285"
      },
      "deno": {
        "pkg-path": "deno",
        "version": "^2.7.14"
      },
      "docker": {
        "pkg-path": "docker",
        "pkg-group": "common",
        "version": "^29.8.1"
      },
      "git": {
        "pkg-path": "git",
        "pkg-group": "common",
        "version": "^2.55.0"
      },
      "go": {
        "pkg-path": "go",
        "version": "1.26.8"
      },
      "go-task": {
        "pkg-path": "go-task",
        "pkg-group": "common",
        "version": "^3.53.1"
      },
      "golangci-lint": {
        "pkg-path": "golangci-lint",
        "pkg-group": "common",
        "version": "^2.14.0"
      },
      "infer": {
        "flake": "github:inference-gateway/cli/v0.223.0"
      }
    },
    "hook": {
      "on-activate": "  echo \"🌟 Welcome to n8n-agent development environment!\"\n  echo \"Go version: $(go version)\"\n"
    },
    "options": {}
  },
  "packages": [
    {
      "attr_path": "claude-code",
      "broken": false,
      "derivation": "/nix/store/fn7fbv0h7k9ranja2aa6whghc5fbck9v-claude-code-2.1.285.drv",
      "description": "Agentic coding tool that lives in your terminal, understands your codebase, and helps you code faster",
      "install_id": "claude-code",
      "license": "Unfree",
      "locked_url": "https://github.com/flox/nixpkgs?rev=c59305bab2065cfecc4944690d9eedbb56f3a9fa",
      "name": "claude-code-2.1.285",
      "pname": "claude-code",
      "rev": "c59305bab2065cfecc4944690d9eedbb56f3a9fa",
      "rev_count": 1083223,
      "rev_date": "2026-10-01T02:47:39Z",
      "scrape_date": "2026-10-02T04:59:39.524171Z",
      "stabilities": [
        "staging",
        "unstable"
      ],
      "unfree": true,
      "version": "2.1.285",
      "outputs_to_install": [
        "out"
      ],
      "outputs": {
        "out": "/nix/store/cmml6r4w314k33d7w9bsr9bwad9d08qb-claude-code-2.1.285"
      },
      "system": "aarch64-darwin",
      "group": "common",
      "priority": 5
    },
    {
      "attr_path": "claude-code",
      "broken": false,
      "derivation": "/nix/store/slzz39299h3cimqn8y77qc9pli7f8kv6-claude-code-2.1.285.drv",
      "description": "Agentic coding tool that lives in your terminal, understands your codebase, and helps you code faster",
      "install_id": "claude-code",
      "license": "Unfree",
      "locked_url": "https://github.com/flox/nixpkgs?rev=c59305bab2065cfecc4944690d9eedbb56f3a9fa",
      "name": "claude-code-2.1.285",
      "pname": "claude-code",
      "rev": "c59305bab2065cfecc4944690d9eedbb56f3a9fa",
      "rev_count": 1083223,
      "rev_date": "2026-10-01T02:47:39Z",
      "scrape_date": "2026-10-02T05:33:08.620890Z",
      "stabilities": [
        "staging",
        "unstable"
      ],
      "unfree": true,
      "version": "2.1.285",
      "outputs_to_install": [
        "out"
      ],
      "outputs": {
        "out": "/nix/store/ms3aqfix6sgps1gqcj7hjxywrx588sra-claude-code-2.1.285"
      },
      "system": "aarch64-linux",
      "group": "common",
      "priority": 5
    },
    {
      "attr_path": "claude-code",
      "broken": false,
      "derivation": "/nix/store/3xbljriss7kjdis3w6xvag3wzb5dl8z7-claude-code-2.1.285.drv",
      "description": "Agentic coding tool that lives in your terminal, understands your codebase, and helps you code faster",
      "install_id": "claude-code",
      "license": "Unfree",
      "locked_url": "https://github.com/flox/nixpkgs?rev=c59305bab2065cfecc4944690d9eedbb56f3a9fa",
      "name": "claude-code-2.1.285",
      "pname": "claude-code",
      "rev": "c59305bab2065cfecc4944690d9eedbb56f3a9fa",
      "rev_count": 1083223,
      "rev_date": "2026-10-01T02:47:39Z",
      "scrape_date": "2026-10-02T06:09:41.942326Z",
      "stabilities": [
        "staging",
        "unstable"
      ],
      "unfree": true,
      "version": "2.1.285",
      "outputs_to_install": [
        "out"
      ],
      "outputs": {
        "out": "/nix/store/8brs6pns19nrgnd4skl1p79m2kxgnabl-claude-code-2.1.285"
      },
      "system": "x86_64-linux",
      "group": "common",
      "priority": 5
    },
    {
      "attr_path": "docker",
      "broken": false,
      "derivation": "/nix/store/jxi27rg34xv0p2ym5zhmbarh77xbzcw3-docker-29.8.1.drv",
      "description": "Open source project to pack, ship and run any application as a lightweight container",
      "install_id": "docker",
      "license": "Apache-2.0",
      "locked_url": "https://github.com/flox/nixpkgs?rev=c59305bab2065cfecc4944690d9eedbb56f3a9fa",
      "name": "docker-29.8.1",
      "pname": "docker",
      "rev": "c59305bab2065cfecc4944690d9eedbb56f3a9fa",
      "rev_count": 1083223,
      "rev_date": "2026-10-01T02:47:39Z",
      "scrape_date": "2026-10-02T04:59:39.955369Z",
      "stabilities": [
        "staging",
        "unstable"
      ],
      "unfree": false,
      "version": "29.8.1",
      "outputs_to_install": [
        "out"
      ],
      "outputs": {
        "out": "/nix/store/fk8bjfa9sjfamvx0hqcf9bs0vlc9jpp6-docker-29.8.1"
      },
      "system": "aarch64-darwin",
      "group": "common",
      "priority": 5
    },
    {
      "attr_path": "docker",
      "broken": false,
      "derivation": "/nix/store/h4vxd41nncb0hfkn6widi4d1l4vb6l4b-docker-29.8.1.drv",
      "description": "Open source project to pack, ship and run any application as a lightweight container",
      "install_id": "docker",
      "license": "Apache-2.0",
      "locked_url": "https://github.com/flox/nixpkgs?rev=c59305bab2065cfecc4944690d9eedbb56f3a9fa",
      "name": "docker-29.8.1",
      "pname": "docker",
      "rev": "c59305bab2065cfecc4944690d9eedbb56f3a9fa",
      "rev_count": 1083223,
      "rev_date": "2026-10-01T02:47:39Z",
      "scrape_date": "2026-10-02T05:33:09.098072Z",
      "stabilities": [
        "staging",
        "unstable"
      ],
      "unfree": false,
      "version": "29.8.1",
      "outputs_to_install": [
        "out"
      ],
      "outputs": {
        "out": "/nix/store/08a3qpvvvdhpv93ajp4ggbqf0b98nw41-docker-29.8.1"
      },
      "system": "aarch64-linux",
      "group": "common",
      "priority": 5
    },
    {
      "attr_path": "docker",
      "broken": false,
      "derivation": "/nix/store/2pfzvlcfg0sa20i60sp4nx9lnw4cxrqp-docker-29.8.1.drv",
      "description": "Open source project to pack, ship and run any application as a lightweight container",
      "install_id": "docker",
      "license": "Apache-2.0",
      "locked_url": "https://github.com/flox/nixpkgs?rev=c59305bab2065cfecc4944690d9eedbb56f3a9fa",
      "name": "docker-29.8.1",
      "pname": "docker",
      "rev": "c59305bab2065cfecc4944690d9eedbb56f3a9fa",
      "rev_count": 1083223,
      "rev_date": "2026-10-01T02:47:39Z",
      "scrape_date": "2026-10-02T06:09:42.476474Z",
      "stabilities": [
        "staging",
        "unstable"
      ],
      "unfree": false,
      "version": "29.8.1",
      "outputs_to_install": [
        "out"
      ],
      "outputs": {
        "out": "/nix/store/01rfm6sza6z1rmhhc11cl2mjs9xmmjdn-docker-29.8.1"
      },
      "system": "x86_64-linux",
      "group": "common",
      "priority": 5
    },
    {
      "attr_path": "git",
      "broken": false,
      "derivation": "/nix/store/fnhfn4nj9165wsjzd0yb3m552yb2572s-git-2.55.0.drv",
      "description": "Distributed version control system",
      "install_id": "git",
      "license": "GPL-2.0",
      "locked_url": "https://github.com/flox/nixpkgs?rev=c59305bab2065cfecc4944690d9eedbb56f3a9fa",
      "name": "git-2.55.0",
      "pname": "git",
      "rev": "c59305bab2065cfecc4944690d9eedbb56f3a9fa",
      "rev_count": 1083223,
      "rev_date": "2026-10-01T02:47:39Z",
      "scrape_date": "2026-10-02T04:59:40.926627Z",
      "stabilities": [
        "staging",
        "unstable"
      ],
      "unfree": false,
      "version": "2.55.0",
      "outputs_to_install": [
        "out"
      ],
      "outputs": {
        "doc": "/nix/store/0f4p7kbl8hsdvynpk8n951bcbdx7qn3j-git-2.55.0-doc",
        "out": "/nix/store/gw7c7m0dwca5lg4152x9lpmxpj171bzw-git-2.55.0"
      },
      "system": "aarch64-darwin",
      "group": "common",
      "priority": 5
    },
    {
      "attr_path": "git",
      "broken": false,
      "derivation": "/nix/store/zy88qbq9f1ccrgv7sz6493zav3d6gnxg-git-2.55.0.drv",
      "description": "Distributed version control system",
      "install_id": "git",
      "license": "GPL-2.0",
      "locked_url": "https://github.com/flox/nixpkgs?rev=c59305bab2065cfecc4944690d9eedbb56f3a9fa",
      "name": "git-2.55.0",
      "pname": "git",
      "rev": "c59305bab2065cfecc4944690d9eedbb56f3a9fa",
      "rev_count": 1083223,
      "rev_date": "2026-10-01T02:47:39Z",
      "scrape_date": "2026-10-02T05:33:10.086795Z",
      "stabilities": [
        "staging",
        "unstable"
      ],
      "unfree": false,
      "version": "2.55.0",
      "outputs_to_install": [
        "out"
      ],
      "outputs": {
        "debug": "/nix/store/8l21kawpzlskyby6dhkjmdyamp34irpv-git-2.55.0-debug",
        "doc": "/nix/store/gzjmfgd110655anwlnj6qlj5ws8vacn2-git-2.55.0-doc",
        "out": "/nix/store/kj6aff4gmz3snpp35rl3gysbl9srd81a-git-2.55.0"
      },
      "system": "aarch64-linux",
      "group": "common",
      "priority": 5
    },
    {
      "attr_path": "git",
      "broken": false,
      "derivation": "/nix/store/ycy1yl001pr5nmw9qwjqinaqglhzwiv9-git-2.55.0.drv",
      "description": "Distributed version control system",
      "install_id": "git",
      "license": "GPL-2.0",
      "locked_url": "https://github.com/flox/nixpkgs?rev=c59305bab2065cfecc4944690d9eedbb56f3a9fa",
      "name": "git-2.55.0",
      "pname": "git",
      "rev": "c59305bab2065cfecc4944690d9eedbb56f3a9fa",
      "rev_count": 1083223,
      "rev_date": "2026-10-01T02:47:39Z",
      "scrape_date": "2026-10-02T06:09:43.612776Z",
      "stabilities": [
        "staging",
        "unstable"
      ],
      "unfree": false,
      "version": "2.55.0",
      "outputs_to_install": [
        "out"
      ],
      "outputs": {
        "debug": "/nix/store/jfnrrjgvhv0la9dpzb1yxg8bx2gf9aii-git-2.55.0-debug",
        "doc": "/nix/store/5f39kd6g3irac28rgk89yqwaamaj01rx-git-2.55.0-doc",
        "out": "/nix/store/lg46w7hrjx7kylsh6645c9l975i8h43b-git-2.55.0"
      },
      "system": "x86_64-linux",
      "group": "common",
      "priority": 5
    },
    {
      "attr_path": "go-task",
      "broken": false,
      "derivation": "/nix/store/djwj6r7zbxswxi8cwdbcp0925flpafh6-go-task-3.53.1.drv",
      "description": "Task runner / simpler Make alternative written in Go",
      "install_id": "go-task",
      "license": "MIT",
      "locked_url": "https://github.com/flox/nixpkgs?rev=c59305bab2065cfecc4944690d9eedbb56f3a9fa",
      "name": "go-task-3.53.1",
      "pname": "go-task",
      "rev": "c59305bab2065cfecc4944690d9eedbb56f3a9fa",
      "rev_count": 1083223,
      "rev_date": "2026-10-01T02:47:39Z",
      "scrape_date": "2026-10-02T04:59:41.192878Z",
      "stabilities": [
        "staging",
        "unstable"
      ],
      "unfree": false,
      "version": "3.53.1",
      "outputs_to_install": [
        "out"
      ],
      "outputs": {
        "out": "/nix/store/mp3m86aziykrwshmqfr7i6w4ak4c8qz4-go-task-3.53.1"
      },
      "system": "aarch64-darwin",
      "group": "common",
      "priority": 5
    },
    {
      "attr_path": "go-task",
      "broken": false,
      "derivation": "/nix/store/wgkk7db5ak5ay4g3qpqxm6b3wp3j5qwi-go-task-3.53.1.drv",
      "description": "Task runner / simpler Make alternative written in Go",
      "install_id": "go-task",
      "license": "MIT",
      "locked_url": "https://github.com/flox/nixpkgs?rev=c59305bab2065cfecc4944690d9eedbb56f3a9fa",
      "name": "go-task-3.53.1",
      "pname": "go-task",
      "rev": "c59305bab2065cfecc4944690d9eedbb56f3a9fa",
      "rev_count": 1083223,
      "rev_date": "2026-10-01T02:47:39Z",
      "scrape_date": "2026-10-02T05:33:11.038784Z",
      "stabilities": [
        "staging",
        "unstable"
      ],
      "unfree": false,
      "version": "3.53.1",
      "outputs_to_install": [
        "out"
      ],
      "outputs": {
        "out": "/nix/store/mwy1kwfwgq3diqxqkrkj8qbhrsr8xa4x-go-task-3.53.1"
      },
      "system": "aarch64-linux",
      "group": "common",
      "priority": 5
    },
    {
      "attr_path": "go-task",
      "broken": false,
      "derivation": "/nix/store/wzh5hcwbsb8h1y1gg0islvdivr73v0gc-go-task-3.53.1.drv",
      "description": "Task runner / simpler Make alternative written in Go",
      "install_id": "go-task",
      "license": "MIT",
      "locked_url": "https://github.com/flox/nixpkgs?rev=c59305bab2065cfecc4944690d9eedbb56f3a9fa",
      "name": "go-task-3.53.1",
      "pname": "go-task",
      "rev": "c59305bab2065cfecc4944690d9eedbb56f3a9fa",
      "rev_count": 1083223,
      "rev_date": "2026-10-01T02:47:39Z",
      "scrape_date": "2026-10-02T06:09:44.631246Z",
      "stabilities": [
        "staging",
        "unstable"
      ],
      "unfree": false,
      "version": "3.53.1",
      "outputs_to_install": [
        "out"
      ],
      "outputs": {
        "out": "/nix/store/3gax8wb82c05afr6bsi56ighadlzaqkc-go-task-3.53.1"
      },
      "system": "x86_64-linux",
      "group": "common",
      "priority": 5
    },
    {
      "attr_path": "golangci-lint",
      "broken": false,
      "derivation": "/nix/store/6j1crf8wn410v73nz8xakhb79rdgmmp7-golangci-lint-2.14.0.drv",
      "description": "Fast linters Runner for Go",
      "install_id": "golangci-lint",
      "license": "GPL-3.0-or-later",
      "locked_url": "https://github.com/flox/nixpkgs?rev=c59305bab2065cfecc4944690d9eedbb56f3a9fa",
      "name": "golangci-lint-2.14.0",
      "pname": "golangci-lint",
      "rev": "c59305bab2065cfecc4944690d9eedbb56f3a9fa",
      "rev_count": 1083223,
      "rev_date": "2026-10-01T02:47:39Z",
      "scrape_date": "2026-10-02T04:59:41.241736Z",
      "stabilities": [
        "staging",
        "unstable"
      ],
      "unfree": false,
      "version": "2.14.0",
      "outputs_to_install": [
        "out"
      ],
      "outputs": {
        "out": "/nix/store/wvbygf0dw7z7p32wjm85llavg3zbc256-golangci-lint-2.14.0"
      },
      "system": "aarch64-darwin",
      "group": "common",
      "priority": 5
    },
    {
      "attr_path": "golangci-lint",
      "broken": false,
      "derivation": "/nix/store/hi3bxgm28y3x3s7k8ngciw4h62wp0ljc-golangci-lint-2.14.0.drv",
      "description": "Fast linters Runner for Go",
      "install_id": "golangci-lint",
      "license": "GPL-3.0-or-later",
      "locked_url": "https://github.com/flox/nixpkgs?rev=c59305bab2065cfecc4944690d9eedbb56f3a9fa",
      "name": "golangci-lint-2.14.0",
      "pname": "golangci-lint",
      "rev": "c59305bab2065cfecc4944690d9eedbb56f3a9fa",
      "rev_count": 1083223,
      "rev_date": "2026-10-01T02:47:39Z",
      "scrape_date": "2026-10-02T05:33:11.116718Z",
      "stabilities": [
        "staging",
        "unstable"
      ],
      "unfree": false,
      "version": "2.14.0",
      "outputs_to_install": [
        "out"
      ],
      "outputs": {
        "out": "/nix/store/wka485zfv0206ypy6hsk2zs86ndlryfm-golangci-lint-2.14.0"
      },
      "system": "aarch64-linux",
      "group": "common",
      "priority": 5
    },
    {
      "attr_path": "golangci-lint",
      "broken": false,
      "derivation": "/nix/store/0hbi1m84jf06axjbs63gay84yqnddsd3-golangci-lint-2.14.0.drv",
      "description": "Fast linters Runner for Go",
      "install_id": "golangci-lint",
      "license": "GPL-3.0-or-later",
      "locked_url": "https://github.com/flox/nixpkgs?rev=c59305bab2065cfecc4944690d9eedbb56f3a9fa",
      "name": "golangci-lint-2.14.0",
      "pname": "golangci-lint",
      "rev": "c59305bab2065cfecc4944690d9eedbb56f3a9fa",
      "rev_count": 1083223,
      "rev_date": "2026-10-01T02:47:39Z",
      "scrape_date": "2026-10-02T06:09:44.708375Z",
      "stabilities": [
        "staging",
        "unstable"
      ],
      "unfree": false,
      "version": "2.14.0",
      "outputs_to_install": [
        "out"
      ],
      "outputs": {
        "out": "/nix/store/wnjaiawf798z57if1yf59i73abakkxwk-golangci-lint-2.14.0"
      },
      "system": "x86_64-linux",
      "group": "common",
      "priority": 5
    },
    {
      "attr_path": "deno",
      "broken": false,
      "derivation": "/nix/store/dkwa70by66pv79248402mcndva3ykrw3-deno-2.9.7.drv",
      "description": "Secure runtime for JavaScript and TypeScript",
      "install_id": "deno",
      "license": "MIT",
      "locked_url": "https://github.com/flox/nixpkgs?rev=c59305bab2065cfecc4944690d9eedbb56f3a9fa",
      "name": "deno-2.9.7",
      "pname": "deno",
      "rev": "c59305bab2065cfecc4944690d9eedbb56f3a9fa",
      "rev_count": 1083223,
      "rev_date": "2026-10-01T02:47:39Z",
      "scrape_date": "2026-10-02T04:59:39.861106Z",
      "stabilities": [
        "staging",
        "unstable"
      ],
      "unfree": false,
      "version": "2.9.7",
      "outputs_to_install": [
        "out"
      ],
      "outputs": {
        "denort": "/nix/store/l377ncs4dsdmfr36yjkvxk4lqsk6hfqr-deno-2.9.7-denort",
        "libdenort": "/nix/store/zzq283zwa8hs1i9xfshwviffmbzqizhi-deno-2.9.7-libdenort",
        "out": "/nix/store/4jixsxbkgx6wv22kx7s4nnpp4fbmy65l-deno-2.9.7"
      },
      "system": "aarch64-darwin",
      "group": "toplevel",
      "priority": 5
    },
    {
      "attr_path": "deno",
      "broken": false,
      "derivation": "/nix/store/w5qjys9b39hbfilql3cx4jvnmanrxj8x-deno-2.9.7.drv",
      "description": "Secure runtime for JavaScript and TypeScript",
      "install_id": "deno",
      "license": "MIT",
      "locked_url": "https://github.com/flox/nixpkgs?rev=c59305bab2065cfecc4944690d9eedbb56f3a9fa",
      "name": "deno-2.9.7",
      "pname": "deno",
      "rev": "c59305bab2065cfecc4944690d9eedbb56f3a9fa",
      "rev_count": 1083223,
      "rev_date": "2026-10-01T02:47:39Z",
      "scrape_date": "2026-10-02T05:33:08.989133Z",
      "stabilities": [
        "staging",
        "unstable"
      ],
      "unfree": false,
      "version": "2.9.7",
      "outputs_to_install": [
        "out"
      ],
      "outputs": {
        "denort": "/nix/store/1v2vnwkksgxhsbwhn00rjsn2gbiq8l9v-deno-2.9.7-denort",
        "libdenort": "/nix/store/sp1c5a36z1kfnszdkacyr873f8yw25qm-deno-2.9.7-libdenort",
        "out": "/nix/store/q56058iwni5cb6m7rwy76dqdbnwfvbk9-deno-2.9.7"
      },
      "system": "aarch64-linux",
      "group": "toplevel",
      "priority": 5
    },
    {
      "attr_path": "deno",
      "broken": false,
      "derivation": "/nix/store/vb81nwrqzxx5ihm93a0nbr7alb5g6321-deno-2.9.7.drv",
      "description": "Secure runtime for JavaScript and TypeScript",
      "install_id": "deno",
      "license": "MIT",
      "locked_url": "https://github.com/flox/nixpkgs?rev=c59305bab2065cfecc4944690d9eedbb56f3a9fa",
      "name": "deno-2.9.7",
      "pname": "deno",
      "rev": "c59305bab2065cfecc4944690d9eedbb56f3a9fa",
      "rev_count": 1083223,
      "rev_date": "2026-10-01T02:47:39Z",
      "scrape_date": "2026-10-02T06:09:42.362059Z",
      "stabilities": [
        "staging",
        "unstable"
      ],
      "unfree": false,
      "version": "2.9.7",
      "outputs_to_install": [
        "out"
      ],
      "outputs": {
        "denort": "/nix/store/m0c2qmm4dbkj812q22g0ic88a24lh4xj-deno-2.9.7-denort",
        "libdenort": "/nix/store/k7y3nh2c3ym5hn53k3zgn8jbm29jr351-deno-2.9.7-libdenort",
        "out": "/nix/store/q4f99ywwv55mlmqllaly912qi5jzf19g-deno-2.9.7"
      },
      "system": "x86_64-linux",
      "group": "toplevel",
      "priority": 5
    },
    {
      "attr_path": "go",
      "broken": false,
      "derivation": "/nix/store/hw9s3y4ggwn2mnr4dpnlr3pzlq6pfc3d-go-1.26.8.drv",
      "description": "Go Programming language",
      "install_id": "go",
      "license": "BSD-3-Clause",
      "locked_url": "https://github.com/flox/nixpkgs?rev=c59305bab2065cfecc4944690d9eedbb56f3a9fa",
      "name": "go-1.26.8",
      "pname": "go",
      "rev": "c59305bab2065cfecc4944690d9eedbb56f3a9fa",
      "rev_count": 1083223,
      "rev_date": "2026-10-01T02:47:39Z",
      "scrape_date": "2026-10-02T04:59:41.159239Z",
      "stabilities": [
        "staging",
        "unstable"
      ],
      "unfree": false,
      "version": "1.26.8",
      "outputs_to_install": [
        "out"
      ],
      "outputs": {
        "out": "/nix/store/isqxa82c7f65sbhi51npr0547yz87bh5-go-1.26.8"
      },
      "system": "aarch64-darwin",
      "group": "toplevel",
      "priority": 5
    },
    {
      "attr_path": "go",
      "broken": false,
      "derivation": "/nix/store/mvzy81jgrz380qa717xzvl3k8a978shb-go-1.26.8.drv",
      "description": "Go Programming language",
      "install_id": "go",
      "license": "BSD-3-Clause",
      "locked_url": "https://github.com/flox/nixpkgs?rev=c59305bab2065cfecc4944690d9eedbb56f3a9fa",
      "name": "go-1.26.8",
      "pname": "go",
      "rev": "c59305bab2065cfecc4944690d9eedbb56f3a9fa",
      "rev_count": 1083223,
      "rev_date": "2026-10-01T02:47:39Z",
      "scrape_date": "2026-10-02T05:33:11.003350Z",
      "stabilities": [
        "staging",
        "unstable"
      ],
      "unfree": false,
      "version": "1.26.8",
      "outputs_to_install": [
        "out"
      ],
      "outputs": {
        "out": "/nix/store/3677bfwiaibp0fs0dxijmn8bsmkx31vx-go-1.26.8"
      },
      "system": "aarch64-linux",
      "group": "toplevel",
      "priority": 5
    },
    {
      "attr_path": "go",
      "broken": false,
      "derivation": "/nix/store/x0zllw4xw2cdql7jvzqdjhibgavvl7d9-go-1.26.8.drv",
      "description": "Go Programming language",
      "install_id": "go",
      "license": "BSD-3-Clause",
      "locked_url": "https://github.com/flox/nixpkgs?rev=c59305bab2065cfecc4944690d9eedbb56f3a9fa",
      "name": "go-1.26.8",
      "pname": "go",
      "rev": "c59305bab2065cfecc4944690d9eedbb56f3a9fa",
      "rev_count": 1083223,
      "rev_date": "2026-10-01T02:47:39Z",
      "scrape_date": "2026-10-02T06:09:44.595100Z",
      "stabilities": [
        "staging",
        "unstable"
      ],
      "unfree": false,
      "version": "1.26.8",
      "outputs_to_install": [
        "out"
      ],
      "outputs": {
        "out": "/nix/store/iqq9yz2yrcrzsn52h3vkkz72i92h1zds-go-1.26.8"
      },
      "system": "x86_64-linux",
      "group": "toplevel",
      "priority": 5
    },
    {
      "install_id": "infer",
      "locked-url": "github:inference-gateway/cli/fbd310a02ac314e64418f85bb1a683f59ea0eee0?narHash=sha256-NGW5pW/7j1bQqisfPpTQO1bMl4vbMi%2B7bI6uKfb9cwY%3D",
      "flake-description": "Inference Gateway CLI - infer",
      "locked-flake-attr-path": "packages.aarch64-darwin.default",
      "derivation": "/nix/store/pl08y7xylwlx16hi2raal3lxj0ybjd7q-infer-0.223.0.drv",
      "outputs": {
        "out": "/nix/store/gk5j4qnkzcwhl89wdmlg6x5hxh2pvwyw-infer-0.223.0"
      },
      "output-names": [
        "out"
      ],
      "outputs-to-install": [
        "out"
      ],
      "requested-outputs-to-install": [],
      "package-system": "aarch64-darwin",
      "system": "aarch64-darwin",
      "name": "infer-0.223.0",
      "pname": "infer",
      "version": "0.223.0",
      "description": "Command-line interface for the Inference Gateway - AI model interaction manager",
      "licenses": [
        "MIT"
      ],
      "broken": false,
      "unfree": false,
      "priority": 5
    },
    {
      "install_id": "infer",
      "locked-url": "github:inference-gateway/cli/fbd310a02ac314e64418f85bb1a683f59ea0eee0?narHash=sha256-NGW5pW/7j1bQqisfPpTQO1bMl4vbMi%2B7bI6uKfb9cwY%3D",
      "flake-description": "Inference Gateway CLI - infer",
      "locked-flake-attr-path": "packages.aarch64-linux.default",
      "derivation": "/nix/store/m9hvbh96al93dhmrn6v8yfx6kz9v76sr-infer-0.223.0.drv",
      "outputs": {
        "out": "/nix/store/c9hxm4h34x4d8g3nczs96r5y7hkhkhpm-infer-0.223.0"
      },
      "output-names": [
        "out"
      ],
      "outputs-to-install": [
        "out"
      ],
      "requested-outputs-to-install": [],
      "package-system": "aarch64-linux",
      "system": "aarch64-linux",
      "name": "infer-0.223.0",
      "pname": "infer",
      "version": "0.223.0",
      "description": "Command-line interface for the Inference Gateway - AI model interaction manager",
      "licenses": [
        "MIT"
      ],
      "broken": false,
      "unfree": false,
      "priority": 5
    },
    {
      "install_id": "infer",
      "locked-url": "github:inference-gateway/cli/fbd310a02ac314e64418f85bb1a683f59ea0eee0?narHash=sha256-NGW5pW/7j1bQqisfPpTQO1bMl4vbMi%2B7bI6uKfb9cwY%3D",
      "flake-description": "Inference Gateway CLI - infer",
      "locked-flake-attr-path": "packages.x86_64-linux.default",
      "derivation": "/nix/store/l1bzhv3j1idjpg7i70rw85vqajxbby6s-infer-0.223.0.drv",
      "outputs": {
        "out": "/nix/store/4zw13j82h9s99almgkns3qs9vgl8rz45-infer-0.223.0"
      },
      "output-names": [
        "out"
      ],
      "outputs-to-install": [
        "out"
      ],
      "requested-outputs-to-install": [],
      "package-system": "x86_64-linux",
      "system": "x86_64-linux",
      "name": "infer-0.223.0",
      "pname": "infer",
      "version": "0.223.0",
      "description": "Command-line interface for the Inference Gateway - AI model interaction manager",
      "licenses": [
        "MIT"
      ],
      "broken": false,
      "unfree": false,
      "priority": 5
    },
    {
      "install_id": "adl",
      "locked-url": "github:inference-gateway/adl-cli/64ae6c6e182d97f89760df7bb8c1199204853226?narHash=sha256-zn9ySmpf8hA8A18bQnUwfVMRCttl0IlAyPDoipN4Ee0%3D",
      "flake-description": "ADL CLI - Generate enterprise-ready A2A agents from YAML",
      "locked-flake-attr-path": "packages.aarch64-darwin.default",
      "derivation": "/nix/store/b7sa7rn19q2z555wz8pabh5kig3yhrq6-adl-0.67.1.drv",
      "outputs": {
        "out": "/nix/store/46hn9x0wngh9dq93brapa152k8qzxh63-adl-0.67.1"
      },
      "output-names": [
        "out"
      ],
      "outputs-to-install": [
        "out"
      ],
      "requested-outputs-to-install": [],
      "package-system": "aarch64-darwin",
      "system": "aarch64-darwin",
      "name": "adl-0.67.1",
      "pname": "adl",
      "version": "0.67.1",
      "description": "Generate enterprise-ready A2A agents from YAML Agent Definition Language files",
      "licenses": [
        "MIT"
      ],
      "broken": false,
      "unfree": false,
      "priority": 5
    },
    {
      "install_id": "adl",
      "locked-url": "github:inference-gateway/adl-cli/64ae6c6e182d97f89760df7bb8c1199204853226?narHash=sha256-zn9ySmpf8hA8A18bQnUwfVMRCttl0IlAyPDoipN4Ee0%3D",
      "flake-description": "ADL CLI - Generate enterprise-ready A2A agents from YAML",
      "locked-flake-attr-path": "packages.aarch64-linux.default",
      "derivation": "/nix/store/z0yixnxy9vdk21v712p5nlj103xx8p9j-adl-0.67.1.drv",
      "outputs": {
        "out": "/nix/store/v0bndy4q2w0vqai0pwivfmhc78irwjw2-adl-0.67.1"
      },
      "output-names": [
        "out"
      ],
      "outputs-to-install": [
        "out"
      ],
      "requested-outputs-to-install": [],
      "package-system": "aarch64-linux",
      "system": "aarch64-linux",
      "name": "adl-0.67.1",
      "pname": "adl",
      "version": "0.67.1",
      "description": "Generate enterprise-ready A2A agents from YAML Agent Definition Language files",
      "licenses": [
        "MIT"
      ],
      "broken": false,
      "unfree": false,
      "priority": 5
    },
    {
      "install_id": "adl",
      "locked-url": "github:inference-gateway/adl-cli/64ae6c6e182d97f89760df7bb8c1199204853226?narHash=sha256-zn9ySmpf8hA8A18bQnUwfVMRCttl0IlAyPDoipN4Ee0%3D",
      "flake-description": "ADL CLI - Generate enterprise-ready A2A agents from YAML",
      "locked-flake-attr-path": "packages.x86_64-linux.default",
      "derivation": "/nix/store/0i6wv9yja38z2bg6qs4pvl8cx6m2b734-adl-0.67.1.drv",
      "outputs": {
        "out": "/nix/store/2jzvy7yhp91z0lks9d4bchp514c403h1-adl-0.67.1"
      },
      "output-names": [
        "out"
      ],
      "outputs-to-install": [
        "out"
      ],
      "requested-outputs-to-install": [],
      "package-system": "x86_64-linux",
      "system": "x86_64-linux",
      "name": "adl-0.67.1",
      "pname": "adl",
      "version": "0.67.1",
      "description": "Generate enterprise-ready A2A agents from YAML Agent Definition Language files",
      "licenses": [
        "MIT"
      ],
      "broken": false,
      "unfree": false,
      "priority": 5
    }
  ]
}
